
Microsoft Visual Studio Solution File, Format Version 12.00
# Visual Studio Version 16
VisualStudioVersion = 16.0.33801.447
MinimumVisualStudioVersion = 10.0.40219.1
Project("{FAE04EC0-301F-11D3-BF4B-00C04F79EFBC}") = "StringsAndIntegersTryCatchAssignment", "StringsAndIntegersTryCatchAssignment\StringsAndIntegersTryCatchAssignment.csproj", "{E95DB437-2481-4D06-AAFB-F41F80E69DE8}"
EndProject
Global
	GlobalSection(SolutionConfigurationPlatforms) = preSolution
		Debug|Any CPU = Debug|Any CPU
		Release|Any CPU = Release|Any CPU
	EndGlobalSection
	GlobalSection(ProjectConfigurationPlatforms) = postSolution
		{E95DB437-2481-4D06-AAFB-F41F80E69DE8}.Debug|Any CPU.ActiveCfg = Debug|Any CPU
		{E95DB437-2481-4D06-AAFB-F41F80E69DE8}.Debug|Any CPU.Build.0 = Debug|Any CPU
		{E95DB437-2481-4D06-AAFB-F41F80E69DE8}.Release|Any CPU.ActiveCfg = Release|Any CPU
		{E95DB437-2481-4D06-AAFB-F41F80E69DE8}.Release|Any CPU.Build.0 = Release|Any CPU
	EndGlobalSection
	GlobalSection(SolutionProperties) = preSolution
		HideSolutionNode = FALSE
	EndGlobalSection
	GlobalSection(ExtensibilityGlobals) = postSolution
		SolutionGuid = {81449653-7523-4946-A8B0-BBB2137CD959}
	EndGlobalSection
EndGlobal
