
Microsoft Visual Studio Solution File, Format Version 12.00
# Visual Studio Version 16
VisualStudioVersion = 16.0.33801.447
MinimumVisualStudioVersion = 10.0.40219.1
Project("{FAE04EC0-301F-11D3-BF4B-00C04F79EFBC}") = "HelloWorld", "HelloWorld\HelloWorld.csproj", "{EFA89066-B65F-45DA-B458-BFB24C0CB629}"
EndProject
Global
	GlobalSection(SolutionConfigurationPlatforms) = preSolution
		Debug|Any CPU = Debug|Any CPU
		Release|Any CPU = Release|Any CPU
	EndGlobalSection
	GlobalSection(ProjectConfigurationPlatforms) = postSolution
		{EFA89066-B65F-45DA-B458-BFB24C0CB629}.Debug|Any CPU.ActiveCfg = Debug|Any CPU
		{EFA89066-B65F-45DA-B458-BFB24C0CB629}.Debug|Any CPU.Build.0 = Debug|Any CPU
		{EFA89066-B65F-45DA-B458-BFB24C0CB629}.Release|Any CPU.ActiveCfg = Release|Any CPU
		{EFA89066-B65F-45DA-B458-BFB24C0CB629}.Release|Any CPU.Build.0 = Release|Any CPU
	EndGlobalSection
	GlobalSection(SolutionProperties) = preSolution
		HideSolutionNode = FALSE
	EndGlobalSection
	GlobalSection(ExtensibilityGlobals) = postSolution
		SolutionGuid = {55911CEE-D37C-45BA-A541-AFF0E4CBAA30}
	EndGlobalSection
EndGlobal
