
Microsoft Visual Studio Solution File, Format Version 12.00
# Visual Studio Version 16
VisualStudioVersion = 16.0.33801.447
MinimumVisualStudioVersion = 10.0.40219.1
Project("{FAE04EC0-301F-11D3-BF4B-00C04F79EFBC}") = "ArrayManipulationApp", "ArrayManipulationApp\ArrayManipulationApp.csproj", "{FBA9B176-9DC9-44E3-AD61-014C2DA91271}"
EndProject
Global
	GlobalSection(SolutionConfigurationPlatforms) = preSolution
		Debug|Any CPU = Debug|Any CPU
		Release|Any CPU = Release|Any CPU
	EndGlobalSection
	GlobalSection(ProjectConfigurationPlatforms) = postSolution
		{FBA9B176-9DC9-44E3-AD61-014C2DA91271}.Debug|Any CPU.ActiveCfg = Debug|Any CPU
		{FBA9B176-9DC9-44E3-AD61-014C2DA91271}.Debug|Any CPU.Build.0 = Debug|Any CPU
		{FBA9B176-9DC9-44E3-AD61-014C2DA91271}.Release|Any CPU.ActiveCfg = Release|Any CPU
		{FBA9B176-9DC9-44E3-AD61-014C2DA91271}.Release|Any CPU.Build.0 = Release|Any CPU
	EndGlobalSection
	GlobalSection(SolutionProperties) = preSolution
		HideSolutionNode = FALSE
	EndGlobalSection
	GlobalSection(ExtensibilityGlobals) = postSolution
		SolutionGuid = {C1A27DFD-1795-46C8-BE2B-C997A9307D5F}
	EndGlobalSection
EndGlobal
