
Microsoft Visual Studio Solution File, Format Version 12.00
# Visual Studio Version 16
VisualStudioVersion = 16.0.33801.447
MinimumVisualStudioVersion = 10.0.40219.1
Project("{FAE04EC0-301F-11D3-BF4B-00C04F79EFBC}") = "StringFunctions", "StringFunctions\StringFunctions.csproj", "{9A5C30F0-6003-4D71-A8FA-5BF914DD62EF}"
EndProject
Global
	GlobalSection(SolutionConfigurationPlatforms) = preSolution
		Debug|Any CPU = Debug|Any CPU
		Release|Any CPU = Release|Any CPU
	EndGlobalSection
	GlobalSection(ProjectConfigurationPlatforms) = postSolution
		{9A5C30F0-6003-4D71-A8FA-5BF914DD62EF}.Debug|Any CPU.ActiveCfg = Debug|Any CPU
		{9A5C30F0-6003-4D71-A8FA-5BF914DD62EF}.Debug|Any CPU.Build.0 = Debug|Any CPU
		{9A5C30F0-6003-4D71-A8FA-5BF914DD62EF}.Release|Any CPU.ActiveCfg = Release|Any CPU
		{9A5C30F0-6003-4D71-A8FA-5BF914DD62EF}.Release|Any CPU.Build.0 = Release|Any CPU
	EndGlobalSection
	GlobalSection(SolutionProperties) = preSolution
		HideSolutionNode = FALSE
	EndGlobalSection
	GlobalSection(ExtensibilityGlobals) = postSolution
		SolutionGuid = {FABCB324-DFC7-4562-A6FA-252C24DB22C8}
	EndGlobalSection
EndGlobal
